
Microsoft Visual Studio Solution File, Format Version 12.00
# Visual Studio Version 16
VisualStudioVersion = 16.0.29609.76
MinimumVisualStudioVersion = 10.0.40219.1
Project("{9A19103F-16F7-4668-BE54-9A1E7A4F7556}") = "DotNetCoreSqlDb", "DotNetCoreSqlDb.csproj", "{7F9E7FB0-EA41-4F70-9FFD-E04139DDDBBA}"
EndProject
Global
	GlobalSection(SolutionConfigurationPlatforms) = preSolution
		Debug|Any CPU = Debug|Any CPU
		Release|Any CPU = Release|Any CPU
	EndGlobalSection
	GlobalSection(ProjectConfigurationPlatforms) = postSolution
		{7F9E7FB0-EA41-4F70-9FFD-E04139DDDBBA}.Debug|Any CPU.ActiveCfg = Debug|Any CPU
		{7F9E7FB0-EA41-4F70-9FFD-E04139DDDBBA}.Debug|Any CPU.Build.0 = Debug|Any CPU
		{7F9E7FB0-EA41-4F70-9FFD-E04139DDDBBA}.Release|Any CPU.ActiveCfg = Release|Any CPU
		{7F9E7FB0-EA41-4F70-9FFD-E04139DDDBBA}.Release|Any CPU.Build.0 = Release|Any CPU
	EndGlobalSection
	GlobalSection(SolutionProperties) = preSolution
		HideSolutionNode = FALSE
	EndGlobalSection
	GlobalSection(ExtensibilityGlobals) = postSolution
		SolutionGuid = {60072107-3BF0-410A-B65B-8897848ABBB5}
	EndGlobalSection
EndGlobal
